
Microsoft Visual Studio Solution File, Format Version 12.00
# Visual Studio Version 16
VisualStudioVersion = 16.0.30413.136
MinimumVisualStudioVersion = 10.0.40219.1
Project("{9A19103F-16F7-4668-BE54-9A1E7A4F7556}") = "PgPartner.SampleApp", "PgPartner.SampleApp.csproj", "{A5045593-18C9-4DEC-877D-C20BAA62B4A1}"
EndProject
Project("{9A19103F-16F7-4668-BE54-9A1E7A4F7556}") = "PgPartner", "..\PgPartner\PgPartner.csproj", "{E070AE5A-ABA9-49D1-B1A6-2F7FE23B65C0}"
EndProject
Project("{FAE04EC0-301F-11D3-BF4B-00C04F79EFBC}") = "PgPartner.Test", "..\PgPartner.Test\PgPartner.Test.csproj", "{E7855012-FD74-4F91-B0C0-0FF908DDD1A3}"
EndProject
Global
	GlobalSection(SolutionConfigurationPlatforms) = preSolution
		Debug|Any CPU = Debug|Any CPU
		Release|Any CPU = Release|Any CPU
	EndGlobalSection
	GlobalSection(ProjectConfigurationPlatforms) = postSolution
		{A5045593-18C9-4DEC-877D-C20BAA62B4A1}.Debug|Any CPU.ActiveCfg = Debug|Any CPU
		{A5045593-18C9-4DEC-877D-C20BAA62B4A1}.Debug|Any CPU.Build.0 = Debug|Any CPU
		{A5045593-18C9-4DEC-877D-C20BAA62B4A1}.Release|Any CPU.ActiveCfg = Release|Any CPU
		{A5045593-18C9-4DEC-877D-C20BAA62B4A1}.Release|Any CPU.Build.0 = Release|Any CPU
		{E070AE5A-ABA9-49D1-B1A6-2F7FE23B65C0}.Debug|Any CPU.ActiveCfg = Debug|Any CPU
		{E070AE5A-ABA9-49D1-B1A6-2F7FE23B65C0}.Debug|Any CPU.Build.0 = Debug|Any CPU
		{E070AE5A-ABA9-49D1-B1A6-2F7FE23B65C0}.Release|Any CPU.ActiveCfg = Release|Any CPU
		{E070AE5A-ABA9-49D1-B1A6-2F7FE23B65C0}.Release|Any CPU.Build.0 = Release|Any CPU
		{E7855012-FD74-4F91-B0C0-0FF908DDD1A3}.Debug|Any CPU.ActiveCfg = Debug|Any CPU
		{E7855012-FD74-4F91-B0C0-0FF908DDD1A3}.Debug|Any CPU.Build.0 = Debug|Any CPU
		{E7855012-FD74-4F91-B0C0-0FF908DDD1A3}.Release|Any CPU.ActiveCfg = Release|Any CPU
		{E7855012-FD74-4F91-B0C0-0FF908DDD1A3}.Release|Any CPU.Build.0 = Release|Any CPU
	EndGlobalSection
	GlobalSection(SolutionProperties) = preSolution
		HideSolutionNode = FALSE
	EndGlobalSection
	GlobalSection(ExtensibilityGlobals) = postSolution
		SolutionGuid = {C761A813-06C8-4D57-8018-507FA2F428F9}
	EndGlobalSection
EndGlobal
